
Microsoft Visual Studio Solution File, Format Version 12.00
# Visual Studio Version 17
VisualStudioVersion = 17.6.33723.286
MinimumVisualStudioVersion = 10.0.40219.1
Project("{FAE04EC0-301F-11D3-BF4B-00C04F79EFBC}") = "Breeze", "Breeze\Breeze.csproj", "{899A588D-07D6-4EB0-8E33-033FA11BD955}"
EndProject
Global
	GlobalSection(SolutionConfigurationPlatforms) = preSolution
		Debug|Any CPU = Debug|Any CPU
		Release|Any CPU = Release|Any CPU
	EndGlobalSection
	GlobalSection(ProjectConfigurationPlatforms) = postSolution
		{899A588D-07D6-4EB0-8E33-033FA11BD955}.Debug|Any CPU.ActiveCfg = Debug|Any CPU
		{899A588D-07D6-4EB0-8E33-033FA11BD955}.Debug|Any CPU.Build.0 = Debug|Any CPU
		{899A588D-07D6-4EB0-8E33-033FA11BD955}.Release|Any CPU.ActiveCfg = Release|Any CPU
		{899A588D-07D6-4EB0-8E33-033FA11BD955}.Release|Any CPU.Build.0 = Release|Any CPU
	EndGlobalSection
	GlobalSection(SolutionProperties) = preSolution
		HideSolutionNode = FALSE
	EndGlobalSection
	GlobalSection(ExtensibilityGlobals) = postSolution
		SolutionGuid = {5239BF50-8BD4-4DFE-A4B4-39852D75C446}
	EndGlobalSection
EndGlobal
